
Microsoft Visual Studio Solution File, Format Version 12.00
# Visual Studio Version 17
VisualStudioVersion = 17.14.36414.22 d17.14
MinimumVisualStudioVersion = 10.0.40219.1
Project("{FAE04EC0-301F-11D3-BF4B-00C04F79EFBC}") = "SmsGateway.API", "SmsGateway.API\SmsGateway.API.csproj", "{0AB438A8-FB54-4E6D-B9C5-21FDF55941E6}"
EndProject
Project("{FAE04EC0-301F-11D3-BF4B-00C04F79EFBC}") = "SmsGateway.Implement", "SmsGateway.Implement\SmsGateway.Implement.csproj", "{5949F4EA-1BBA-42DD-87F0-4AAD8805457F}"
EndProject
Project("{FAE04EC0-301F-11D3-BF4B-00C04F79EFBC}") = "SmsGateway.Common", "SmsGateway.Common\SmsGateway.Common.csproj", "{040EAF6A-4ED1-440D-B390-5279B8D38569}"
EndProject
Global
	GlobalSection(SolutionConfigurationPlatforms) = preSolution
		Debug|Any CPU = Debug|Any CPU
		Release|Any CPU = Release|Any CPU
	EndGlobalSection
	GlobalSection(ProjectConfigurationPlatforms) = postSolution
		{0AB438A8-FB54-4E6D-B9C5-21FDF55941E6}.Debug|Any CPU.ActiveCfg = Debug|Any CPU
		{0AB438A8-FB54-4E6D-B9C5-21FDF55941E6}.Debug|Any CPU.Build.0 = Debug|Any CPU
		{0AB438A8-FB54-4E6D-B9C5-21FDF55941E6}.Release|Any CPU.ActiveCfg = Release|Any CPU
		{0AB438A8-FB54-4E6D-B9C5-21FDF55941E6}.Release|Any CPU.Build.0 = Release|Any CPU
		{5949F4EA-1BBA-42DD-87F0-4AAD8805457F}.Debug|Any CPU.ActiveCfg = Debug|Any CPU
		{5949F4EA-1BBA-42DD-87F0-4AAD8805457F}.Debug|Any CPU.Build.0 = Debug|Any CPU
		{5949F4EA-1BBA-42DD-87F0-4AAD8805457F}.Release|Any CPU.ActiveCfg = Release|Any CPU
		{5949F4EA-1BBA-42DD-87F0-4AAD8805457F}.Release|Any CPU.Build.0 = Release|Any CPU
		{040EAF6A-4ED1-440D-B390-5279B8D38569}.Debug|Any CPU.ActiveCfg = Debug|Any CPU
		{040EAF6A-4ED1-440D-B390-5279B8D38569}.Debug|Any CPU.Build.0 = Debug|Any CPU
		{040EAF6A-4ED1-440D-B390-5279B8D38569}.Release|Any CPU.ActiveCfg = Release|Any CPU
		{040EAF6A-4ED1-440D-B390-5279B8D38569}.Release|Any CPU.Build.0 = Release|Any CPU
	EndGlobalSection
	GlobalSection(SolutionProperties) = preSolution
		HideSolutionNode = FALSE
	EndGlobalSection
	GlobalSection(ExtensibilityGlobals) = postSolution
		SolutionGuid = {4CFBDA4F-B965-4BD4-AC81-511CDDE358D4}
	EndGlobalSection
EndGlobal
